
Microsoft Visual Studio Solution File, Format Version 12.00
# Visual Studio 2012
Project("{FAE04EC0-301F-11D3-BF4B-00C04F79EFBC}") = "CommunityLib", "CommunityLib\CommunityLib.csproj", "{580418F1-9E98-4566-83E3-2C5113AF1350}"
EndProject
Global
	GlobalSection(SolutionConfigurationPlatforms) = preSolution
		Debug|Any CPU = Debug|Any CPU
		Release|Any CPU = Release|Any CPU
	EndGlobalSection
	GlobalSection(ProjectConfigurationPlatforms) = postSolution
		{580418F1-9E98-4566-83E3-2C5113AF1350}.Debug|Any CPU.ActiveCfg = Debug|Any CPU
		{580418F1-9E98-4566-83E3-2C5113AF1350}.Debug|Any CPU.Build.0 = Debug|Any CPU
		{580418F1-9E98-4566-83E3-2C5113AF1350}.Release|Any CPU.ActiveCfg = Release|Any CPU
		{580418F1-9E98-4566-83E3-2C5113AF1350}.Release|Any CPU.Build.0 = Release|Any CPU
	EndGlobalSection
	GlobalSection(SolutionProperties) = preSolution
		HideSolutionNode = FALSE
	EndGlobalSection
EndGlobal
